
Microsoft Visual Studio Solution File, Format Version 9.00
# Visual C# Express 2005
Project("{FAE04EC0-301F-11D3-BF4B-00C04F79EFBC}") = "Repeater.Net", "Repeater.Net\Repeater.Net.csproj", "{B05CC639-4B27-4A68-AC9B-0C34BF7D5170}"
EndProject
Project("{FAE04EC0-301F-11D3-BF4B-00C04F79EFBC}") = "WaveLib", "WaveLib\WaveLib.csproj", "{F6E148B2-E167-4D96-A47D-D42D21423B53}"
EndProject
Global
	GlobalSection(SolutionConfigurationPlatforms) = preSolution
		Debug|Any CPU = Debug|Any CPU
		Release|Any CPU = Release|Any CPU
	EndGlobalSection
	GlobalSection(ProjectConfigurationPlatforms) = postSolution
		{B05CC639-4B27-4A68-AC9B-0C34BF7D5170}.Debug|Any CPU.ActiveCfg = Debug|Any CPU
		{B05CC639-4B27-4A68-AC9B-0C34BF7D5170}.Debug|Any CPU.Build.0 = Debug|Any CPU
		{B05CC639-4B27-4A68-AC9B-0C34BF7D5170}.Release|Any CPU.ActiveCfg = Release|Any CPU
		{B05CC639-4B27-4A68-AC9B-0C34BF7D5170}.Release|Any CPU.Build.0 = Release|Any CPU
		{F6E148B2-E167-4D96-A47D-D42D21423B53}.Debug|Any CPU.ActiveCfg = Debug|Any CPU
		{F6E148B2-E167-4D96-A47D-D42D21423B53}.Debug|Any CPU.Build.0 = Debug|Any CPU
		{F6E148B2-E167-4D96-A47D-D42D21423B53}.Release|Any CPU.ActiveCfg = Release|Any CPU
		{F6E148B2-E167-4D96-A47D-D42D21423B53}.Release|Any CPU.Build.0 = Release|Any CPU
	EndGlobalSection
	GlobalSection(SolutionProperties) = preSolution
		HideSolutionNode = FALSE
	EndGlobalSection
EndGlobal
